
Microsoft Visual Studio Solution File, Format Version 12.00
# Visual Studio Version 16
VisualStudioVersion = 16.0.31321.278
MinimumVisualStudioVersion = 10.0.40219.1
Project("{8BC9CEB8-8B4A-11D0-8D11-00A0C91BC942}") = "SPLCompiler", "SPLCompiler\SPLCompiler.vcxproj", "{A1CC3568-00CD-4E99-8081-29D7F71FC86F}"
EndProject
Global
	GlobalSection(SolutionConfigurationPlatforms) = preSolution
		Debug|ARM = Debug|ARM
		Debug|ARM64 = Debug|ARM64
		Debug|x64 = Debug|x64
		Debug|x86 = Debug|x86
		Release|ARM = Release|ARM
		Release|ARM64 = Release|ARM64
		Release|x64 = Release|x64
		Release|x86 = Release|x86
	EndGlobalSection
	GlobalSection(ProjectConfigurationPlatforms) = postSolution
		{A1CC3568-00CD-4E99-8081-29D7F71FC86F}.Debug|ARM.ActiveCfg = Debug|ARM
		{A1CC3568-00CD-4E99-8081-29D7F71FC86F}.Debug|ARM.Build.0 = Debug|ARM
		{A1CC3568-00CD-4E99-8081-29D7F71FC86F}.Debug|ARM.Deploy.0 = Debug|ARM
		{A1CC3568-00CD-4E99-8081-29D7F71FC86F}.Debug|ARM64.ActiveCfg = Debug|ARM64
		{A1CC3568-00CD-4E99-8081-29D7F71FC86F}.Debug|ARM64.Build.0 = Debug|ARM64
		{A1CC3568-00CD-4E99-8081-29D7F71FC86F}.Debug|ARM64.Deploy.0 = Debug|ARM64
		{A1CC3568-00CD-4E99-8081-29D7F71FC86F}.Debug|x64.ActiveCfg = Debug|x64
		{A1CC3568-00CD-4E99-8081-29D7F71FC86F}.Debug|x64.Build.0 = Debug|x64
		{A1CC3568-00CD-4E99-8081-29D7F71FC86F}.Debug|x64.Deploy.0 = Debug|x64
		{A1CC3568-00CD-4E99-8081-29D7F71FC86F}.Debug|x86.ActiveCfg = Debug|x86
		{A1CC3568-00CD-4E99-8081-29D7F71FC86F}.Debug|x86.Build.0 = Debug|x86
		{A1CC3568-00CD-4E99-8081-29D7F71FC86F}.Debug|x86.Deploy.0 = Debug|x86
		{A1CC3568-00CD-4E99-8081-29D7F71FC86F}.Release|ARM.ActiveCfg = Release|ARM
		{A1CC3568-00CD-4E99-8081-29D7F71FC86F}.Release|ARM.Build.0 = Release|ARM
		{A1CC3568-00CD-4E99-8081-29D7F71FC86F}.Release|ARM.Deploy.0 = Release|ARM
		{A1CC3568-00CD-4E99-8081-29D7F71FC86F}.Release|ARM64.ActiveCfg = Release|ARM64
		{A1CC3568-00CD-4E99-8081-29D7F71FC86F}.Release|ARM64.Build.0 = Release|ARM64
		{A1CC3568-00CD-4E99-8081-29D7F71FC86F}.Release|ARM64.Deploy.0 = Release|ARM64
		{A1CC3568-00CD-4E99-8081-29D7F71FC86F}.Release|x64.ActiveCfg = Release|x64
		{A1CC3568-00CD-4E99-8081-29D7F71FC86F}.Release|x64.Build.0 = Release|x64
		{A1CC3568-00CD-4E99-8081-29D7F71FC86F}.Release|x64.Deploy.0 = Release|x64
		{A1CC3568-00CD-4E99-8081-29D7F71FC86F}.Release|x86.ActiveCfg = Release|x86
		{A1CC3568-00CD-4E99-8081-29D7F71FC86F}.Release|x86.Build.0 = Release|x86
		{A1CC3568-00CD-4E99-8081-29D7F71FC86F}.Release|x86.Deploy.0 = Release|x86
	EndGlobalSection
	GlobalSection(SolutionProperties) = preSolution
		HideSolutionNode = FALSE
	EndGlobalSection
	GlobalSection(ExtensibilityGlobals) = postSolution
		SolutionGuid = {96BB6AAD-2396-4CCE-8F1D-2FCA80A758B8}
	EndGlobalSection
EndGlobal
