<?xml version="1.0" encoding="utf-8"?>
<Project ToolsVersion="4.0" xmlns="http://schemas.microsoft.com/developer/msbuild/2003">
  <ItemGroup>
    <Filter Include="common">
      <UniqueIdentifier>{1dfeb806-3191-4a13-af27-bb9da635fb24}</UniqueIdentifier>
    </Filter>
    <Filter Include="src">
      <UniqueIdentifier>{06bb1b9c-7987-4452-86e0-a7ec79a57013}</UniqueIdentifier>
    </Filter>
  </ItemGroup>
  <ItemGroup>
    <None Include="src\Scanner.l">
      <Filter>src</Filter>
    </None>
    <None Include="src\Parser.yy">
      <Filter>src</Filter>
    </None>
  </ItemGroup>
  <ItemGroup>
    <ClCompile Include="src\log.cc">
      <Filter>src</Filter>
    </ClCompile>
    <ClCompile Include="src\main.cc">
      <Filter>src</Filter>
    </ClCompile>
  </ItemGroup>
  <ItemGroup>
    <ClInclude Include="src\log.hh">
      <Filter>src</Filter>
    </ClInclude>
  </ItemGroup>
</Project>